{
  "lockfileVersion": 1,
  "configVersion": 1,
  "workspaces": {
    "": {
      "name": "portal",
      "devDependencies": {
        "@tailwindcss/typography": "^0.5.19",
        "prettier": "^3.8.3",
        "turbo": "^2.9.10",
        "typescript": "^6.0.3",
      },
    },
    "apps/bot": {
      "name": "@portal/bot",
      "bin": {
        "opentelegram": "./src/cli.ts",
      },
      "dependencies": {
        "@opencode-ai/sdk": "1.14.41",
        "get-port-please": "^3.2.0",
        "grammy": "^1.30.0",
        "zod": "^4.4.3",
      },
      "devDependencies": {
        "@types/bun": "^1.2.0",
        "typescript": "^6.0.3",
      },
    },
    "packages/cli": {
      "name": "openportal",
      "version": "0.1.32",
      "bin": {
        "openportal": "./dist/index.js",
      },
      "dependencies": {
        "get-port-please": "^3.2.0",
      },
      "devDependencies": {
        "@types/bun": "^1.3.13",
        "typescript": "^6.0.3",
      },
    },
  },
  "packages": {
    "@grammyjs/types": ["@grammyjs/types@3.27.3", "", {}, "sha512-yUKMLliGsGbnxu96YUJ7km7B0zy4PzeH/Jvti5705R/LeKDMqkDV4DckMSt+OrliWQpTwQljHE0QLol5zgxBkg=="],

    "@opencode-ai/sdk": ["@opencode-ai/sdk@1.14.41", "", { "dependencies": { "cross-spawn": "7.0.6" } }, "sha512-RYb2dCUv0TWIvBNnnO6ANbAPYri6rKuWizSoVFw/Pw+SCDj9ASHM5gAZ+jkskp8gYMfLLHe/Fpkun/9mr8m0IQ=="],

    "@portal/bot": ["@portal/bot@workspace:apps/bot"],

    "@tailwindcss/typography": ["@tailwindcss/typography@0.5.19", "", { "dependencies": { "postcss-selector-parser": "6.0.10" }, "peerDependencies": { "tailwindcss": ">=3.0.0 || insiders || >=4.0.0-alpha.20 || >=4.0.0-beta.1" } }, "sha512-w31dd8HOx3k9vPtcQh5QHP9GwKcgbMp87j58qi6xgiBnFFtKEAgCWnDw4qUT8aHwkCp8bKvb/KGKWWHedP0AAg=="],

    "@turbo/darwin-64": ["@turbo/darwin-64@2.9.10", "", { "os": "darwin", "cpu": "x64" }, "sha512-5BVJnes8/zMPydF8ktfBBWqCCpUeWVxwZ6avYHRqLzk2PuTAsLz0TlaKdDe1nk1cz3/o0c+7CEf6zqNXdB2N7Q=="],

    "@turbo/darwin-arm64": ["@turbo/darwin-arm64@2.9.10", "", { "os": "darwin", "cpu": "arm64" }, "sha512-MwaJl+vsxlkkDJYWN87GWKYD64kOvZFFlrDtGmCDeEx/488Kola5TVgS0VQkEUwnbDPjaDIB7kBMIzdzJRElbg=="],

    "@turbo/linux-64": ["@turbo/linux-64@2.9.10", "", { "os": "linux", "cpu": "x64" }, "sha512-HWrCKR+kUicEf4awj1EVRh5LI2hiDncpWZSXqhVj+wQT3SolBSXqXiSPYHgdh6hkmyfvz75Ex/+axXGcgQGdeA=="],

    "@turbo/linux-arm64": ["@turbo/linux-arm64@2.9.10", "", { "os": "linux", "cpu": "arm64" }, "sha512-edJINoZcDn4g1zkOZHFrGtLX0EWTryoNJSlZK5SEVux4hITT6hTCzugVGtOUmdI+PuJ/xRRL3jKGa+JgjSoq5A=="],

    "@turbo/windows-64": ["@turbo/windows-64@2.9.10", "", { "os": "win32", "cpu": "x64" }, "sha512-rkASn89ATUtSyKvhGaWSyqVHBwtqFEUV1rFNKCtthSoix0T/kUHLJDKpepE/Wh6CtSnhxAfsY8cODtevD/hR7A=="],

    "@turbo/windows-arm64": ["@turbo/windows-arm64@2.9.10", "", { "os": "win32", "cpu": "arm64" }, "sha512-cblXqub7uABXKNMzvPB1IyOuSQpeMo7zZHSREB2C0mtIVn4lUSd2CfaGBtOrDqmkC9dsan3itxY4IejChQvfpg=="],

    "@types/bun": ["@types/bun@1.3.13", "", { "dependencies": { "bun-types": "1.3.13" } }, "sha512-9fqXWk5YIHGGnUau9TEi+qdlTYDAnOj+xLCmSTwXfAIqXr2x4tytJb43E9uCvt09zJURKXwAtkoH4nLQfzeTXw=="],

    "@types/node": ["@types/node@25.6.2", "", { "dependencies": { "undici-types": "~7.19.0" } }, "sha512-sokuT28dxf9JT5Kady1fsXOvI4HVpjZa95NKT5y9PNTIrs2AsobR4GFAA90ZG8M+nxVRLysCXsVj6eGC7Vbrlw=="],

    "abort-controller": ["abort-controller@3.0.0", "", { "dependencies": { "event-target-shim": "^5.0.0" } }, "sha512-h8lQ8tacZYnR3vNQTgibj+tODHI5/+l06Au2Pcriv/Gmet0eaj4TwWH41sO9wnHDiQsEj19q0drzdWdeAHtweg=="],

    "bun-types": ["bun-types@1.3.13", "", { "dependencies": { "@types/node": "*" } }, "sha512-QXKeHLlOLqQX9LgYaHJfzdBaV21T63HhFJnvuRCcjZiaUDpbs5ED1MgxbMra71CsryN/1dAoXuJJJwIv/2drVA=="],

    "cross-spawn": ["cross-spawn@7.0.6", "", { "dependencies": { "path-key": "^3.1.0", "shebang-command": "^2.0.0", "which": "^2.0.1" } }, "sha512-uV2QOWP2nWzsy2aMp8aRibhi9dlzF5Hgh5SHaB9OiTGEyDTiJJyx0uy51QXdyWbtAHNua4XJzUKca3OzKUd3vA=="],

    "cssesc": ["cssesc@3.0.0", "", { "bin": { "cssesc": "bin/cssesc" } }, "sha512-/Tb/JcjK111nNScGob5MNtsntNM1aCNUDipB/TkwZFhyDrrE47SOx/18wF2bbjgc3ZzCSKW1T5nt5EbFoAz/Vg=="],

    "debug": ["debug@4.4.3", "", { "dependencies": { "ms": "^2.1.3" } }, "sha512-RGwwWnwQvkVfavKVt22FGLw+xYSdzARwm0ru6DhTVA3umU5hZc28V3kO4stgYryrTlLpuvgI9GiijltAjNbcqA=="],

    "event-target-shim": ["event-target-shim@5.0.1", "", {}, "sha512-i/2XbnSz/uxRCU6+NdVJgKWDTM427+MqYbkQzD321DuCQJUqOuJKIA0IM2+W2xtYHdKOmZ4dR6fExsd4SXL+WQ=="],

    "get-port-please": ["get-port-please@3.2.0", "", {}, "sha512-I9QVvBw5U/hw3RmWpYKRumUeaDgxTPd401x364rLmWBJcOQ753eov1eTgzDqRG9bqFIfDc7gfzcQEWrUri3o1A=="],

    "grammy": ["grammy@1.43.0", "", { "dependencies": { "@grammyjs/types": "3.27.3", "abort-controller": "^3.0.0", "debug": "^4.4.3", "node-fetch": "^2.7.0" } }, "sha512-7dYm06A945mXuIk/5HUlSjeyIYChW8vCEiU2dkOKKqJJzwAWxTkCc91Eqbz7TgODh2rtFFKWI/fekowWHOkmjQ=="],

    "isexe": ["isexe@2.0.0", "", {}, "sha512-RHxMLp9lnKHGHRng9QFhRCMbYAcVpn69smSGcq3f36xjgVVWThj4qqLbTLlq7Ssj8B+fIQ1EuCEGI2lKsyQeIw=="],

    "ms": ["ms@2.1.3", "", {}, "sha512-6FlzubTLZG3J2a/NVCAleEhjzq5oxgHyaCU9yYXvcLsvoVaHJq/s5xXI6/XXP6tz7R9xAOtHnSO/tXtF3WRTlA=="],

    "node-fetch": ["node-fetch@2.7.0", "", { "dependencies": { "whatwg-url": "^5.0.0" }, "peerDependencies": { "encoding": "^0.1.0" }, "optionalPeers": ["encoding"] }, "sha512-c4FRfUm/dbcWZ7U+1Wq0AwCyFL+3nt2bEw05wfxSz+DWpWsitgmSgYmy2dQdWyKC1694ELPqMs/YzUSNozLt8A=="],

    "openportal": ["openportal@workspace:packages/cli"],

    "path-key": ["path-key@3.1.1", "", {}, "sha512-ojmeN0qd+y0jszEtoY48r0Peq5dwMEkIlCOu6Q5f41lfkswXuKtYrhgoTpLnyIcHm24Uhqx+5Tqm2InSwLhE6Q=="],

    "postcss-selector-parser": ["postcss-selector-parser@6.0.10", "", { "dependencies": { "cssesc": "^3.0.0", "util-deprecate": "^1.0.2" } }, "sha512-IQ7TZdoaqbT+LCpShg46jnZVlhWD2w6iQYAcYXfHARZ7X1t/UGhhceQDs5X0cGqKvYlHNOuv7Oa1xmb0oQuA3w=="],

    "prettier": ["prettier@3.8.3", "", { "bin": { "prettier": "bin/prettier.cjs" } }, "sha512-7igPTM53cGHMW8xWuVTydi2KO233VFiTNyF5hLJqpilHfmn8C8gPf+PS7dUT64YcXFbiMGZxS9pCSxL/Dxm/Jw=="],

    "shebang-command": ["shebang-command@2.0.0", "", { "dependencies": { "shebang-regex": "^3.0.0" } }, "sha512-kHxr2zZpYtdmrN1qDjrrX/Z1rR1kG8Dx+gkpK1G4eXmvXswmcE1hTWBWYUzlraYw1/yZp6YuDY77YtvbN0dmDA=="],

    "shebang-regex": ["shebang-regex@3.0.0", "", {}, "sha512-7++dFhtcx3353uBaq8DDR4NuxBetBzC7ZQOhmTQInHEd6bSrXdiEyzCvG07Z44UYdLShWUyXt5M/yhz8ekcb1A=="],

    "tailwindcss": ["tailwindcss@4.2.4", "", {}, "sha512-HhKppgO81FQof5m6TEnuBWCZGgfRAWbaeOaGT00KOy/Pf/j6oUihdvBpA7ltCeAvZpFhW3j0PTclkxsd4IXYDA=="],

    "tr46": ["tr46@0.0.3", "", {}, "sha512-N3WMsuqV66lT30CrXNbEjx4GEwlow3v6rr4mCcv6prnfwhS01rkgyFdjPNBYd9br7LpXV1+Emh01fHnq2Gdgrw=="],

    "turbo": ["turbo@2.9.10", "", { "optionalDependencies": { "@turbo/darwin-64": "2.9.10", "@turbo/darwin-arm64": "2.9.10", "@turbo/linux-64": "2.9.10", "@turbo/linux-arm64": "2.9.10", "@turbo/windows-64": "2.9.10", "@turbo/windows-arm64": "2.9.10" }, "bin": { "turbo": "bin/turbo" } }, "sha512-YBLeNT0wLoysGgQEkvBWE2GA1liGGZ1j13wa7xHTwELJx4ZhM+c2szeXj6wUOUGO86BmyhY0Q/ELWwU3WDXzZA=="],

    "typescript": ["typescript@6.0.3", "", { "bin": { "tsc": "bin/tsc", "tsserver": "bin/tsserver" } }, "sha512-y2TvuxSZPDyQakkFRPZHKFm+KKVqIisdg9/CZwm9ftvKXLP8NRWj38/ODjNbr43SsoXqNuAisEf1GdCxqWcdBw=="],

    "undici-types": ["undici-types@7.19.2", "", {}, "sha512-qYVnV5OEm2AW8cJMCpdV20CDyaN3g0AjDlOGf1OW4iaDEx8MwdtChUp4zu4H0VP3nDRF/8RKWH+IPp9uW0YGZg=="],

    "util-deprecate": ["util-deprecate@1.0.2", "", {}, "sha512-EPD5q1uXyFxJpCrLnCc1nHnq3gOa6DZBocAIiI2TaSCA7VCJ1UJDMagCzIkXNsUYfD1daK//LTEQ8xiIbrHtcw=="],

    "webidl-conversions": ["webidl-conversions@3.0.1", "", {}, "sha512-2JAn3z8AR6rjK8Sm8orRC0h/bcl/DqL7tRPdGZ4I1CjdF+EaMLmYxBHyXuKL849eucPFhvBoxMsflfOb8kxaeQ=="],

    "whatwg-url": ["whatwg-url@5.0.0", "", { "dependencies": { "tr46": "~0.0.3", "webidl-conversions": "^3.0.0" } }, "sha512-saE57nupxk6v3HY35+jzBwYa0rKSy0XR8JSxZPwgLr7ys0IBzhGviA1/TUGJLmSVqs8pb9AnvICXEuOHLprYTw=="],

    "which": ["which@2.0.2", "", { "dependencies": { "isexe": "^2.0.0" }, "bin": { "node-which": "./bin/node-which" } }, "sha512-BLI3Tl1TW3Pvl70l3yq3Y64i+awpwXqsGBYWkkqMtnbXgrMD+yj7rhW0kuEDxzJaYXGjEW5ogapKNMEKNMjibA=="],

    "zod": ["zod@4.4.3", "", {}, "sha512-ytENFjIJFl2UwYglde2jchW2Hwm4GJFLDiSXWdTrJQBIN9Fcyp7n4DhxJEiWNAJMV1/BqWfW/kkg71UDcHJyTQ=="],
  }
}
